
Microsoft Visual Studio Solution File, Format Version 12.00
# Visual Studio Version 17
VisualStudioVersion = 17.9.34310.174
MinimumVisualStudioVersion = 10.0.40219.1
Project("{FAE04EC0-301F-11D3-BF4B-00C04F79EFBC}") = "Leagueoflegends.Browser", "Leagueoflegends.Browser\Leagueoflegends.Browser.csproj", "{8F97A7D3-EF16-4572-928F-C29985E2B7C6}"
EndProject
Project("{FAE04EC0-301F-11D3-BF4B-00C04F79EFBC}") = "Leagueoflegends", "Leagueoflegends\Leagueoflegends.csproj", "{925C183C-495C-4512-A910-350C02C62C8A}"
EndProject
Project("{FAE04EC0-301F-11D3-BF4B-00C04F79EFBC}") = "Leagueoflegends.Simulator", "Leagueoflegends.Simulator\Leagueoflegends.Simulator.csproj", "{1022B20F-FFB2-44B4-A6EA-6BBB022AD030}"
EndProject
Project("{FAE04EC0-301F-11D3-BF4B-00C04F79EFBC}") = "Jamesnet.Foundation", "Jamesnet.Foundation\Jamesnet.Foundation.csproj", "{02DE237C-2CCE-4AE9-BB48-3853BFE82677}"
EndProject
Project("{FAE04EC0-301F-11D3-BF4B-00C04F79EFBC}") = "Jamesnet.Platform.OpenSilver", "Jamesnet.Platform.OpenSilver\Jamesnet.Platform.OpenSilver.csproj", "{5F380CC7-F50C-4273-9123-27B36EA4BF42}"
EndProject
Project("{2150E333-8FDC-42A3-9474-1A3956D46DE8}") = "Partial", "Partial", "{96D42164-B72C-4B7F-B2EE-FF70DE3FFEBE}"
EndProject
Project("{2150E333-8FDC-42A3-9474-1A3956D46DE8}") = "Apps (OpenSilver)", "Apps (OpenSilver)", "{6520EA81-889A-4E84-973D-C6185CF52F71}"
EndProject
Project("{2150E333-8FDC-42A3-9474-1A3956D46DE8}") = "Based", "Based", "{9547274A-E258-4587-839B-EA808E535944}"
EndProject
Project("{2150E333-8FDC-42A3-9474-1A3956D46DE8}") = "Foundation", "Foundation", "{9C1C6BBC-852D-414A-A1F4-444DEE9B67CA}"
EndProject
Project("{FAE04EC0-301F-11D3-BF4B-00C04F79EFBC}") = "Leagueoflegends.Support", "Leagueoflegends.Support\Leagueoflegends.Support.csproj", "{D81D13C4-F099-4643-B9A3-F38715BD299C}"
EndProject
Project("{FAE04EC0-301F-11D3-BF4B-00C04F79EFBC}") = "Leagueoflegends.Main", "Leagueoflegends.Main\Leagueoflegends.Main.csproj", "{512ECF55-A382-49F2-A0C4-EC659177686D}"
EndProject
Project("{FAE04EC0-301F-11D3-BF4B-00C04F79EFBC}") = "Leagueoflegends.Home", "Leagueoflegends.Home\Leagueoflegends.Home.csproj", "{F1CD3008-5D81-41B0-A090-597307EE3B41}"
EndProject
Project("{FAE04EC0-301F-11D3-BF4B-00C04F79EFBC}") = "Leagueoflegends.Navigate", "Leagueoflegends.Navigate\Leagueoflegends.Navigate.csproj", "{E828337E-B61E-4ADE-96DF-6E2248354056}"
EndProject
Project("{FAE04EC0-301F-11D3-BF4B-00C04F79EFBC}") = "Leagueoflegends.Tft", "Leagueoflegends.Tft\Leagueoflegends.Tft.csproj", "{0A9D8C21-729A-4B46-9BF0-941CE91F9E36}"
EndProject
Project("{FAE04EC0-301F-11D3-BF4B-00C04F79EFBC}") = "Leagueoflegends.Clash", "Leagueoflegends.Clash\Leagueoflegends.Clash.csproj", "{FFE98C4C-A109-4A0E-B9FE-B74D071E221E}"
EndProject
Project("{FAE04EC0-301F-11D3-BF4B-00C04F79EFBC}") = "Leagueoflegends.Collection", "Leagueoflegends.Collection\Leagueoflegends.Collection.csproj", "{B8245632-65E7-4B54-8294-7D4355132C3A}"
EndProject
Project("{FAE04EC0-301F-11D3-BF4B-00C04F79EFBC}") = "Leagueoflegends.Social", "Leagueoflegends.Social\Leagueoflegends.Social.csproj", "{9BB3A71F-D8E5-446E-8A8C-4D5ADEAA10FD}"
EndProject
Project("{FAE04EC0-301F-11D3-BF4B-00C04F79EFBC}") = "Leagueoflegends.Store", "Leagueoflegends.Store\Leagueoflegends.Store.csproj", "{C004CBDC-6F52-405B-B8E3-E8322BE30884}"
EndProject
Project("{FAE04EC0-301F-11D3-BF4B-00C04F79EFBC}") = "Leagueoflegends.Profile", "Leagueoflegends.Profile\Leagueoflegends.Profile.csproj", "{ECEDA6F9-36AB-4EF5-9501-00B58AB963B9}"
EndProject
Project("{FAE04EC0-301F-11D3-BF4B-00C04F79EFBC}") = "Leagueoflegends.Settings", "Leagueoflegends.Settings\Leagueoflegends.Settings.csproj", "{30765E56-DD3C-41AE-BFC6-5830BA5D93D4}"
EndProject
Project("{FAE04EC0-301F-11D3-BF4B-00C04F79EFBC}") = "Leagueoflegends.Shop", "Leagueoflegends.Shop\Leagueoflegends.Shop.csproj", "{EC8982A0-61C7-4C7D-B36A-7DEF777099FD}"
EndProject
Global
	GlobalSection(SolutionConfigurationPlatforms) = preSolution
		Debug|Any CPU = Debug|Any CPU
		Release|Any CPU = Release|Any CPU
	EndGlobalSection
	GlobalSection(ProjectConfigurationPlatforms) = postSolution
		{8F97A7D3-EF16-4572-928F-C29985E2B7C6}.Debug|Any CPU.ActiveCfg = Debug|Any CPU
		{8F97A7D3-EF16-4572-928F-C29985E2B7C6}.Debug|Any CPU.Build.0 = Debug|Any CPU
		{8F97A7D3-EF16-4572-928F-C29985E2B7C6}.Release|Any CPU.ActiveCfg = Release|Any CPU
		{8F97A7D3-EF16-4572-928F-C29985E2B7C6}.Release|Any CPU.Build.0 = Release|Any CPU
		{925C183C-495C-4512-A910-350C02C62C8A}.Debug|Any CPU.ActiveCfg = Debug|Any CPU
		{925C183C-495C-4512-A910-350C02C62C8A}.Debug|Any CPU.Build.0 = Debug|Any CPU
		{925C183C-495C-4512-A910-350C02C62C8A}.Release|Any CPU.ActiveCfg = Release|Any CPU
		{925C183C-495C-4512-A910-350C02C62C8A}.Release|Any CPU.Build.0 = Release|Any CPU
		{1022B20F-FFB2-44B4-A6EA-6BBB022AD030}.Debug|Any CPU.ActiveCfg = Debug|Any CPU
		{1022B20F-FFB2-44B4-A6EA-6BBB022AD030}.Debug|Any CPU.Build.0 = Debug|Any CPU
		{1022B20F-FFB2-44B4-A6EA-6BBB022AD030}.Release|Any CPU.ActiveCfg = Release|Any CPU
		{1022B20F-FFB2-44B4-A6EA-6BBB022AD030}.Release|Any CPU.Build.0 = Release|Any CPU
		{02DE237C-2CCE-4AE9-BB48-3853BFE82677}.Debug|Any CPU.ActiveCfg = Debug|Any CPU
		{02DE237C-2CCE-4AE9-BB48-3853BFE82677}.Debug|Any CPU.Build.0 = Debug|Any CPU
		{02DE237C-2CCE-4AE9-BB48-3853BFE82677}.Release|Any CPU.ActiveCfg = Release|Any CPU
		{02DE237C-2CCE-4AE9-BB48-3853BFE82677}.Release|Any CPU.Build.0 = Release|Any CPU
		{5F380CC7-F50C-4273-9123-27B36EA4BF42}.Debug|Any CPU.ActiveCfg = Debug|Any CPU
		{5F380CC7-F50C-4273-9123-27B36EA4BF42}.Debug|Any CPU.Build.0 = Debug|Any CPU
		{5F380CC7-F50C-4273-9123-27B36EA4BF42}.Release|Any CPU.ActiveCfg = Release|Any CPU
		{5F380CC7-F50C-4273-9123-27B36EA4BF42}.Release|Any CPU.Build.0 = Release|Any CPU
		{D81D13C4-F099-4643-B9A3-F38715BD299C}.Debug|Any CPU.ActiveCfg = Debug|Any CPU
		{D81D13C4-F099-4643-B9A3-F38715BD299C}.Debug|Any CPU.Build.0 = Debug|Any CPU
		{D81D13C4-F099-4643-B9A3-F38715BD299C}.Release|Any CPU.ActiveCfg = Release|Any CPU
		{D81D13C4-F099-4643-B9A3-F38715BD299C}.Release|Any CPU.Build.0 = Release|Any CPU
		{512ECF55-A382-49F2-A0C4-EC659177686D}.Debug|Any CPU.ActiveCfg = Debug|Any CPU
		{512ECF55-A382-49F2-A0C4-EC659177686D}.Debug|Any CPU.Build.0 = Debug|Any CPU
		{512ECF55-A382-49F2-A0C4-EC659177686D}.Release|Any CPU.ActiveCfg = Release|Any CPU
		{512ECF55-A382-49F2-A0C4-EC659177686D}.Release|Any CPU.Build.0 = Release|Any CPU
		{F1CD3008-5D81-41B0-A090-597307EE3B41}.Debug|Any CPU.ActiveCfg = Debug|Any CPU
		{F1CD3008-5D81-41B0-A090-597307EE3B41}.Debug|Any CPU.Build.0 = Debug|Any CPU
		{F1CD3008-5D81-41B0-A090-597307EE3B41}.Release|Any CPU.ActiveCfg = Release|Any CPU
		{F1CD3008-5D81-41B0-A090-597307EE3B41}.Release|Any CPU.Build.0 = Release|Any CPU
		{E828337E-B61E-4ADE-96DF-6E2248354056}.Debug|Any CPU.ActiveCfg = Debug|Any CPU
		{E828337E-B61E-4ADE-96DF-6E2248354056}.Debug|Any CPU.Build.0 = Debug|Any CPU
		{E828337E-B61E-4ADE-96DF-6E2248354056}.Release|Any CPU.ActiveCfg = Release|Any CPU
		{E828337E-B61E-4ADE-96DF-6E2248354056}.Release|Any CPU.Build.0 = Release|Any CPU
		{0A9D8C21-729A-4B46-9BF0-941CE91F9E36}.Debug|Any CPU.ActiveCfg = Debug|Any CPU
		{0A9D8C21-729A-4B46-9BF0-941CE91F9E36}.Debug|Any CPU.Build.0 = Debug|Any CPU
		{0A9D8C21-729A-4B46-9BF0-941CE91F9E36}.Release|Any CPU.ActiveCfg = Release|Any CPU
		{0A9D8C21-729A-4B46-9BF0-941CE91F9E36}.Release|Any CPU.Build.0 = Release|Any CPU
		{FFE98C4C-A109-4A0E-B9FE-B74D071E221E}.Debug|Any CPU.ActiveCfg = Debug|Any CPU
		{FFE98C4C-A109-4A0E-B9FE-B74D071E221E}.Debug|Any CPU.Build.0 = Debug|Any CPU
		{FFE98C4C-A109-4A0E-B9FE-B74D071E221E}.Release|Any CPU.ActiveCfg = Release|Any CPU
		{FFE98C4C-A109-4A0E-B9FE-B74D071E221E}.Release|Any CPU.Build.0 = Release|Any CPU
		{B8245632-65E7-4B54-8294-7D4355132C3A}.Debug|Any CPU.ActiveCfg = Debug|Any CPU
		{B8245632-65E7-4B54-8294-7D4355132C3A}.Debug|Any CPU.Build.0 = Debug|Any CPU
		{B8245632-65E7-4B54-8294-7D4355132C3A}.Release|Any CPU.ActiveCfg = Release|Any CPU
		{B8245632-65E7-4B54-8294-7D4355132C3A}.Release|Any CPU.Build.0 = Release|Any CPU
		{9BB3A71F-D8E5-446E-8A8C-4D5ADEAA10FD}.Debug|Any CPU.ActiveCfg = Debug|Any CPU
		{9BB3A71F-D8E5-446E-8A8C-4D5ADEAA10FD}.Debug|Any CPU.Build.0 = Debug|Any CPU
		{9BB3A71F-D8E5-446E-8A8C-4D5ADEAA10FD}.Release|Any CPU.ActiveCfg = Release|Any CPU
		{9BB3A71F-D8E5-446E-8A8C-4D5ADEAA10FD}.Release|Any CPU.Build.0 = Release|Any CPU
		{C004CBDC-6F52-405B-B8E3-E8322BE30884}.Debug|Any CPU.ActiveCfg = Debug|Any CPU
		{C004CBDC-6F52-405B-B8E3-E8322BE30884}.Debug|Any CPU.Build.0 = Debug|Any CPU
		{C004CBDC-6F52-405B-B8E3-E8322BE30884}.Release|Any CPU.ActiveCfg = Release|Any CPU
		{C004CBDC-6F52-405B-B8E3-E8322BE30884}.Release|Any CPU.Build.0 = Release|Any CPU
		{ECEDA6F9-36AB-4EF5-9501-00B58AB963B9}.Debug|Any CPU.ActiveCfg = Debug|Any CPU
		{ECEDA6F9-36AB-4EF5-9501-00B58AB963B9}.Debug|Any CPU.Build.0 = Debug|Any CPU
		{ECEDA6F9-36AB-4EF5-9501-00B58AB963B9}.Release|Any CPU.ActiveCfg = Release|Any CPU
		{ECEDA6F9-36AB-4EF5-9501-00B58AB963B9}.Release|Any CPU.Build.0 = Release|Any CPU
		{30765E56-DD3C-41AE-BFC6-5830BA5D93D4}.Debug|Any CPU.ActiveCfg = Debug|Any CPU
		{30765E56-DD3C-41AE-BFC6-5830BA5D93D4}.Debug|Any CPU.Build.0 = Debug|Any CPU
		{30765E56-DD3C-41AE-BFC6-5830BA5D93D4}.Release|Any CPU.ActiveCfg = Release|Any CPU
		{30765E56-DD3C-41AE-BFC6-5830BA5D93D4}.Release|Any CPU.Build.0 = Release|Any CPU
		{EC8982A0-61C7-4C7D-B36A-7DEF777099FD}.Debug|Any CPU.ActiveCfg = Debug|Any CPU
		{EC8982A0-61C7-4C7D-B36A-7DEF777099FD}.Debug|Any CPU.Build.0 = Debug|Any CPU
		{EC8982A0-61C7-4C7D-B36A-7DEF777099FD}.Release|Any CPU.ActiveCfg = Release|Any CPU
		{EC8982A0-61C7-4C7D-B36A-7DEF777099FD}.Release|Any CPU.Build.0 = Release|Any CPU
	EndGlobalSection
	GlobalSection(SolutionProperties) = preSolution
		HideSolutionNode = FALSE
	EndGlobalSection
	GlobalSection(NestedProjects) = preSolution
		{8F97A7D3-EF16-4572-928F-C29985E2B7C6} = {6520EA81-889A-4E84-973D-C6185CF52F71}
		{925C183C-495C-4512-A910-350C02C62C8A} = {6520EA81-889A-4E84-973D-C6185CF52F71}
		{1022B20F-FFB2-44B4-A6EA-6BBB022AD030} = {6520EA81-889A-4E84-973D-C6185CF52F71}
		{02DE237C-2CCE-4AE9-BB48-3853BFE82677} = {9547274A-E258-4587-839B-EA808E535944}
		{5F380CC7-F50C-4273-9123-27B36EA4BF42} = {9547274A-E258-4587-839B-EA808E535944}
		{D81D13C4-F099-4643-B9A3-F38715BD299C} = {9C1C6BBC-852D-414A-A1F4-444DEE9B67CA}
		{512ECF55-A382-49F2-A0C4-EC659177686D} = {96D42164-B72C-4B7F-B2EE-FF70DE3FFEBE}
		{F1CD3008-5D81-41B0-A090-597307EE3B41} = {96D42164-B72C-4B7F-B2EE-FF70DE3FFEBE}
		{E828337E-B61E-4ADE-96DF-6E2248354056} = {96D42164-B72C-4B7F-B2EE-FF70DE3FFEBE}
		{0A9D8C21-729A-4B46-9BF0-941CE91F9E36} = {96D42164-B72C-4B7F-B2EE-FF70DE3FFEBE}
		{FFE98C4C-A109-4A0E-B9FE-B74D071E221E} = {96D42164-B72C-4B7F-B2EE-FF70DE3FFEBE}
		{B8245632-65E7-4B54-8294-7D4355132C3A} = {96D42164-B72C-4B7F-B2EE-FF70DE3FFEBE}
		{9BB3A71F-D8E5-446E-8A8C-4D5ADEAA10FD} = {96D42164-B72C-4B7F-B2EE-FF70DE3FFEBE}
		{C004CBDC-6F52-405B-B8E3-E8322BE30884} = {96D42164-B72C-4B7F-B2EE-FF70DE3FFEBE}
		{ECEDA6F9-36AB-4EF5-9501-00B58AB963B9} = {96D42164-B72C-4B7F-B2EE-FF70DE3FFEBE}
		{30765E56-DD3C-41AE-BFC6-5830BA5D93D4} = {96D42164-B72C-4B7F-B2EE-FF70DE3FFEBE}
		{EC8982A0-61C7-4C7D-B36A-7DEF777099FD} = {96D42164-B72C-4B7F-B2EE-FF70DE3FFEBE}
	EndGlobalSection
	GlobalSection(ExtensibilityGlobals) = postSolution
		SolutionGuid = {CA98987A-B3D7-4FCA-8A49-0453D337155E}
	EndGlobalSection
EndGlobal
